
Microsoft Visual Studio Solution File, Format Version 12.00
# Visual Studio Version 16
VisualStudioVersion = 16.0.31624.102
MinimumVisualStudioVersion = 10.0.40219.1
Project("{9A19103F-16F7-4668-BE54-9A1E7A4F7556}") = "SortList", "SortList\SortList.csproj", "{8A184440-0EB5-43E7-88F1-5B7FCB75A396}"
EndProject
Project("{FAE04EC0-301F-11D3-BF4B-00C04F79EFBC}") = "SortList.UnitTests", "SortList.UnitTests\SortList.UnitTests.csproj", "{D8CC815C-E625-4811-ADCB-24AF28F73CEC}"
EndProject
Global
	GlobalSection(SolutionConfigurationPlatforms) = preSolution
		Debug|Any CPU = Debug|Any CPU
		Release|Any CPU = Release|Any CPU
	EndGlobalSection
	GlobalSection(ProjectConfigurationPlatforms) = postSolution
		{8A184440-0EB5-43E7-88F1-5B7FCB75A396}.Debug|Any CPU.ActiveCfg = Debug|Any CPU
		{8A184440-0EB5-43E7-88F1-5B7FCB75A396}.Debug|Any CPU.Build.0 = Debug|Any CPU
		{8A184440-0EB5-43E7-88F1-5B7FCB75A396}.Release|Any CPU.ActiveCfg = Release|Any CPU
		{8A184440-0EB5-43E7-88F1-5B7FCB75A396}.Release|Any CPU.Build.0 = Release|Any CPU
		{D8CC815C-E625-4811-ADCB-24AF28F73CEC}.Debug|Any CPU.ActiveCfg = Debug|Any CPU
		{D8CC815C-E625-4811-ADCB-24AF28F73CEC}.Debug|Any CPU.Build.0 = Debug|Any CPU
		{D8CC815C-E625-4811-ADCB-24AF28F73CEC}.Release|Any CPU.ActiveCfg = Release|Any CPU
		{D8CC815C-E625-4811-ADCB-24AF28F73CEC}.Release|Any CPU.Build.0 = Release|Any CPU
	EndGlobalSection
	GlobalSection(SolutionProperties) = preSolution
		HideSolutionNode = FALSE
	EndGlobalSection
	GlobalSection(ExtensibilityGlobals) = postSolution
		SolutionGuid = {956C4ED9-0E57-4778-9492-C5B82B7B3092}
	EndGlobalSection
EndGlobal
